
Microsoft Visual Studio Solution File, Format Version 12.00
# Visual Studio Version 16
VisualStudioVersion = 16.0.31205.134
MinimumVisualStudioVersion = 10.0.40219.1
Project("{FAE04EC0-301F-11D3-BF4B-00C04F79EFBC}") = "ExercicioResolvido2", "ExercicioResolvido2\ExercicioResolvido2.csproj", "{69FB6587-3CA6-4609-A225-7D192541D762}"
EndProject
Global
	GlobalSection(SolutionConfigurationPlatforms) = preSolution
		Debug|Any CPU = Debug|Any CPU
		Release|Any CPU = Release|Any CPU
	EndGlobalSection
	GlobalSection(ProjectConfigurationPlatforms) = postSolution
		{69FB6587-3CA6-4609-A225-7D192541D762}.Debug|Any CPU.ActiveCfg = Debug|Any CPU
		{69FB6587-3CA6-4609-A225-7D192541D762}.Debug|Any CPU.Build.0 = Debug|Any CPU
		{69FB6587-3CA6-4609-A225-7D192541D762}.Release|Any CPU.ActiveCfg = Release|Any CPU
		{69FB6587-3CA6-4609-A225-7D192541D762}.Release|Any CPU.Build.0 = Release|Any CPU
	EndGlobalSection
	GlobalSection(SolutionProperties) = preSolution
		HideSolutionNode = FALSE
	EndGlobalSection
	GlobalSection(ExtensibilityGlobals) = postSolution
		SolutionGuid = {92436658-CCEB-4C2C-BAAE-A0D95038BF9B}
	EndGlobalSection
EndGlobal
